// !$*UTF8*$!
{
	archiveVersion = 1;
	classes = {
	};
	objectVersion = 50;
	objects = {

/* Begin PBXBuildFile section */
		AF8A10BD23E1A73100D132B8 /* AppDelegate.swift in Sources */ = {isa = PBXBuildFile; fileRef = AF8A10BC23E1A73100D132B8 /* AppDelegate.swift */; };
		AF8A10BF23E1A73100D132B8 /* SceneDelegate.swift in Sources */ = {isa = PBXBuildFile; fileRef = AF8A10BE23E1A73100D132B8 /* SceneDelegate.swift */; };
		AF8A10C123E1A73100D132B8 /* ContentView.swift in Sources */ = {isa = PBXBuildFile; fileRef = AF8A10C023E1A73100D132B8 /* ContentView.swift */; };
		AF8A10C323E1A73A00D132B8 /* Assets.xcassets in Resources */ = {isa = PBXBuildFile; fileRef = AF8A10C223E1A73A00D132B8 /* Assets.xcassets */; };
		AF8A10C623E1A73A00D132B8 /* Preview Assets.xcassets in Resources */ = {isa = PBXBuildFile; fileRef = AF8A10C523E1A73A00D132B8 /* Preview Assets.xcassets */; };
		AF8A10C923E1A73B00D132B8 /* LaunchScreen.storyboard in Resources */ = {isa = PBXBuildFile; fileRef = AF8A10C723E1A73B00D132B8 /* LaunchScreen.storyboard */; };
/* End PBXBuildFile section */

/* Begin PBXFileReference section */
		AF8A10B923E1A73100D132B8 /* Oh, that Munchausen.app */ = {isa = PBXFileReference; explicitFileType = wrapper.application; includeInIndex = 0; path = "Oh, that Munchausen.app"; sourceTree = BUILT_PRODUCTS_DIR; };
		AF8A10BC23E1A73100D132B8 /* AppDelegate.swift */ = {isa = PBXFileReference; lastKnownFileType = sourcecode.swift; path = AppDelegate.swift; sourceTree = "<group>"; };
		AF8A10BE23E1A73100D132B8 /* SceneDelegate.swift */ = {isa = PBXFileReference; lastKnownFileType = sourcecode.swift; path = SceneDelegate.swift; sourceTree = "<group>"; };
		AF8A10C023E1A73100D132B8 /* ContentView.swift */ = {isa = PBXFileReference; lastKnownFileType = sourcecode.swift; path = ContentView.swift; sourceTree = "<group>"; };
		AF8A10C223E1A73A00D132B8 /* Assets.xcassets */ = {isa = PBXFileReference; lastKnownFileType = folder.assetcatalog; path = Assets.xcassets; sourceTree = "<group>"; };
		AF8A10C523E1A73A00D132B8 /* Preview Assets.xcassets */ = {isa = PBXFileReference; lastKnownFileType = folder.assetcatalog; path = "Preview Assets.xcassets"; sourceTree = "<group>"; };
		AF8A10C823E1A73B00D132B8 /* Base */ = {isa = PBXFileReference; lastKnownFileType = file.storyboard; name = Base; path = Base.lproj/LaunchScreen.storyboard; sourceTree = "<group>"; };
		AF8A10CA23E1A73B00D132B8 /* Info.plist */ = {isa = PBXFileReference; lastKnownFileType = text.plist.xml; path = Info.plist; sourceTree = "<group>"; };
/* End PBXFileReference section */

/* Begin PBXFrameworksBuildPhase section */
		AF8A10B623E1A73100D132B8 /* Frameworks */ = {
			isa = PBXFrameworksBuildPhase;
			buildActionMask = 2147483647;
			files = (
			);
			runOnlyForDeploymentPostprocessing = 0;
		};
/* End PBXFrameworksBuildPhase section */

/* Begin PBXGroup section */
		AF8A10B023E1A73000D132B8 = {
			isa = PBXGroup;
			children = (
				AF8A10BB23E1A73100D132B8 /* full */,
				AF8A10BA23E1A73100D132B8 /* Products */,
			);
			sourceTree = "<group>";
		};
		AF8A10BA23E1A73100D132B8 /* Products */ = {
			isa = PBXGroup;
			children = (
				AF8A10B923E1A73100D132B8 /* Oh, that Munchausen.app */,
			);
			name = Products;
			sourceTree = "<group>";
		};
		AF8A10BB23E1A73100D132B8 /* full */ = {
			isa = PBXGroup;
			children = (
				AF8A10BC23E1A73100D132B8 /* AppDelegate.swift */,
				AF8A10BE23E1A73100D132B8 /* SceneDelegate.swift */,
				AF8A10C023E1A73100D132B8 /* ContentView.swift */,
				AF8A10C223E1A73A00D132B8 /* Assets.xcassets */,
				AF8A10C723E1A73B00D132B8 /* LaunchScreen.storyboard */,
				AF8A10CA23E1A73B00D132B8 /* Info.plist */,
				AF8A10C423E1A73A00D132B8 /* Preview Content */,
			);
			path = full;
			sourceTree = "<group>";
		};
		AF8A10C423E1A73A00D132B8 /* Preview Content */ = {
			isa = PBXGroup;
			children = (
				AF8A10C523E1A73A00D132B8 /* Preview Assets.xcassets */,
			);
			path = "Preview Content";
			sourceTree = "<group>";
		};
/* End PBXGroup section */

/* Begin PBXNativeTarget section */
		AF8A10B823E1A73100D132B8 /* full */ = {
			isa = PBXNativeTarget;
			buildConfigurationList = AF8A10CD23E1A73B00D132B8 /* Build configuration list for PBXNativeTarget "full" */;
			buildPhases = (
				AF8A10B523E1A73100D132B8 /* Sources */,
				AF8A10B623E1A73100D132B8 /* Frameworks */,
				AF8A10B723E1A73100D132B8 /* Resources */,
			);
			buildRules = (
			);
			dependencies = (
			);
			name = full;
			productName = full;
			productReference = AF8A10B923E1A73100D132B8 /* Oh, that Munchausen.app */;
			productType = "com.apple.product-type.application";
		};
/* End PBXNativeTarget section */

/* Begin PBXProject section */
		AF8A10B123E1A73000D132B8 /* Project object */ = {
			isa = PBXProject;
			attributes = {
				LastSwiftUpdateCheck = 1130;
				LastUpgradeCheck = 1130;
				ORGANIZATIONNAME = "Mykhailo Bondarchuk";
				TargetAttributes = {
					AF8A10B823E1A73100D132B8 = {
						CreatedOnToolsVersion = 11.3.1;
					};
				};
			};
			buildConfigurationList = AF8A10B423E1A73000D132B8 /* Build configuration list for PBXProject "full" */;
			compatibilityVersion = "Xcode 9.3";
			developmentRegion = en;
			hasScannedForEncodings = 0;
			knownRegions = (
				en,
				Base,
			);
			mainGroup = AF8A10B023E1A73000D132B8;
			productRefGroup = AF8A10BA23E1A73100D132B8 /* Products */;
			projectDirPath = "";
			projectRoot = "";
			targets = (
				AF8A10B823E1A73100D132B8 /* full */,
			);
		};
/* End PBXProject section */

/* Begin PBXResourcesBuildPhase section */
		AF8A10B723E1A73100D132B8 /* Resources */ = {
			isa = PBXResourcesBuildPhase;
			buildActionMask = 2147483647;
			files = (
				AF8A10C923E1A73B00D132B8 /* LaunchScreen.storyboard in Resources */,
				AF8A10C623E1A73A00D132B8 /* Preview Assets.xcassets in Resources */,
				AF8A10C323E1A73A00D132B8 /* Assets.xcassets in Resources */,
			);
			runOnlyForDeploymentPostprocessing = 0;
		};
/* End PBXResourcesBuildPhase section */

/* Begin PBXSourcesBuildPhase section */
		AF8A10B523E1A73100D132B8 /* Sources */ = {
			isa = PBXSourcesBuildPhase;
			buildActionMask = 2147483647;
			files = (
				AF8A10BD23E1A73100D132B8 /* AppDelegate.swift in Sources */,
				AF8A10BF23E1A73100D132B8 /* SceneDelegate.swift in Sources */,
				AF8A10C123E1A73100D132B8 /* ContentView.swift in Sources */,
			);
			runOnlyForDeploymentPostprocessing = 0;
		};
/* End PBXSourcesBuildPhase section */

/* Begin PBXVariantGroup section */
		AF8A10C723E1A73B00D132B8 /* LaunchScreen.storyboard */ = {
			isa = PBXVariantGroup;
			children = (
				AF8A10C823E1A73B00D132B8 /* Base */,
			);
			name = LaunchScreen.storyboard;
			sourceTree = "<group>";
		};
/* End PBXVariantGroup section */

/* Begin XCBuildConfiguration section */
		AF8A10CB23E1A73B00D132B8 /* Debug */ = {
			isa = XCBuildConfiguration;
			buildSettings = {
				ALWAYS_SEARCH_USER_PATHS = NO;
				CLANG_ANALYZER_NONNULL = YES;
				CLANG_ANALYZER_NUMBER_OBJECT_CONVERSION = YES_AGGRESSIVE;
				CLANG_CXX_LANGUAGE_STANDARD = "gnu++14";
				CLANG_CXX_LIBRARY = "libc++";
				CLANG_ENABLE_MODULES = YES;
				CLANG_ENABLE_OBJC_ARC = YES;
				CLANG_ENABLE_OBJC_WEAK = YES;
				CLANG_WARN_BLOCK_CAPTURE_AUTORELEASING = YES;
				CLANG_WARN_BOOL_CONVERSION = YES;
				CLANG_WARN_COMMA = YES;
				CLANG_WARN_CONSTANT_CONVERSION = YES;
				CLANG_WARN_DEPRECATED_OBJC_IMPLEMENTATIONS = YES;
				CLANG_WARN_DIRECT_OBJC_ISA_USAGE = YES_ERROR;
				CLANG_WARN_DOCUMENTATION_COMMENTS = YES;
				CLANG_WARN_EMPTY_BODY = YES;
				CLANG_WARN_ENUM_CONVERSION = YES;
				CLANG_WARN_INFINITE_RECURSION = YES;
				CLANG_WARN_INT_CONVERSION = YES;
				CLANG_WARN_NON_LITERAL_NULL_CONVERSION = YES;
				CLANG_WARN_OBJC_IMPLICIT_RETAIN_SELF = YES;
				CLANG_WARN_OBJC_LITERAL_CONVERSION = YES;
				CLANG_WARN_OBJC_ROOT_CLASS = YES_ERROR;
				CLANG_WARN_RANGE_LOOP_ANALYSIS = YES;
				CLANG_WARN_STRICT_PROTOTYPES = YES;
				CLANG_WARN_SUSPICIOUS_MOVE = YES;
				CLANG_WARN_UNGUARDED_AVAILABILITY = YES_AGGRESSIVE;
				CLANG_WARN_UNREACHABLE_CODE = YES;
				CLANG_WARN__DUPLICATE_METHOD_MATCH = YES;
				COPY_PHASE_STRIP = NO;
				DEBUG_INFORMATION_FORMAT = dwarf;
				ENABLE_STRICT_OBJC_MSGSEND = YES;
				ENABLE_TESTABILITY = YES;
				GCC_C_LANGUAGE_STANDARD = gnu11;
				GCC_DYNAMIC_NO_PIC = NO;
				GCC_NO_COMMON_BLOCKS = YES;
				GCC_OPTIMIZATION_LEVEL = 0;
				GCC_PREPROCESSOR_DEFINITIONS = (
					"DEBUG=1",
					"$(inherited)",
				);
				GCC_WARN_64_TO_32_BIT_CONVERSION = YES;
				GCC_WARN_ABOUT_RETURN_TYPE = YES_ERROR;
				GCC_WARN_UNDECLARED_SELECTOR = YES;
				GCC_WARN_UNINITIALIZED_AUTOS = YES_AGGRESSIVE;
				GCC_WARN_UNUSED_FUNCTION = YES;
				GCC_WARN_UNUSED_VARIABLE = YES;
				IPHONEOS_DEPLOYMENT_TARGET = 13.2;
				MTL_ENABLE_DEBUG_INFO = INCLUDE_SOURCE;
				MTL_FAST_MATH = YES;
				ONLY_ACTIVE_ARCH = YES;
				SDKROOT = iphoneos;
				SWIFT_ACTIVE_COMPILATION_CONDITIONS = DEBUG;
				SWIFT_OPTIMIZATION_LEVEL = "-Onone";
			};
			name = Debug;
		};
		AF8A10CC23E1A73B00D132B8 /* Release */ = {
			isa = XCBuildConfiguration;
			buildSettings = {
				ALWAYS_SEARCH_USER_PATHS = NO;
				CLANG_ANALYZER_NONNULL = YES;
				CLANG_ANALYZER_NUMBER_OBJECT_CONVERSION = YES_AGGRESSIVE;
				CLANG_CXX_LANGUAGE_STANDARD = "gnu++14";
				CLANG_CXX_LIBRARY = "libc++";
				CLANG_ENABLE_MODULES = YES;
				CLANG_ENABLE_OBJC_ARC = YES;
				CLANG_ENABLE_OBJC_WEAK = YES;
				CLANG_WARN_BLOCK_CAPTURE_AUTORELEASING = YES;
				CLANG_WARN_BOOL_CONVERSION = YES;
				CLANG_WARN_COMMA = YES;
				CLANG_WARN_CONSTANT_CONVERSION = YES;
				CLANG_WARN_DEPRECATED_OBJC_IMPLEMENTATIONS = YES;
				CLANG_WARN_DIRECT_OBJC_ISA_USAGE = YES_ERROR;
				CLANG_WARN_DOCUMENTATION_COMMENTS = YES;
				CLANG_WARN_EMPTY_BODY = YES;
				CLANG_WARN_ENUM_CONVERSION = YES;
				CLANG_WARN_INFINITE_RECURSION = YES;
				CLANG_WARN_INT_CONVERSION = YES;
				CLANG_WARN_NON_LITERAL_NULL_CONVERSION = YES;
				CLANG_WARN_OBJC_IMPLICIT_RETAIN_SELF = YES;
				CLANG_WARN_OBJC_LITERAL_CONVERSION = YES;
				CLANG_WARN_OBJC_ROOT_CLASS = YES_ERROR;
				CLANG_WARN_RANGE_LOOP_ANALYSIS = YES;
				CLANG_WARN_STRICT_PROTOTYPES = YES;
				CLANG_WARN_SUSPICIOUS_MOVE = YES;
				CLANG_WARN_UNGUARDED_AVAILABILITY = YES_AGGRESSIVE;
				CLANG_WARN_UNREACHABLE_CODE = YES;
				CLANG_WARN__DUPLICATE_METHOD_MATCH = YES;
				COPY_PHASE_STRIP = NO;
				DEBUG_INFORMATION_FORMAT = "dwarf-with-dsym";
				ENABLE_NS_ASSERTIONS = NO;
				ENABLE_STRICT_OBJC_MSGSEND = YES;
				GCC_C_LANGUAGE_STANDARD = gnu11;
				GCC_NO_COMMON_BLOCKS = YES;
				GCC_WARN_64_TO_32_BIT_CONVERSION = YES;
				GCC_WARN_ABOUT_RETURN_TYPE = YES_ERROR;
				GCC_WARN_UNDECLARED_SELECTOR = YES;
				GCC_WARN_UNINITIALIZED_AUTOS = YES_AGGRESSIVE;
				GCC_WARN_UNUSED_FUNCTION = YES;
				GCC_WARN_UNUSED_VARIABLE = YES;
				IPHONEOS_DEPLOYMENT_TARGET = 13.2;
				MTL_ENABLE_DEBUG_INFO = NO;
				MTL_FAST_MATH = YES;
				SDKROOT = iphoneos;
				SWIFT_COMPILATION_MODE = wholemodule;
				SWIFT_OPTIMIZATION_LEVEL = "-O";
				VALIDATE_PRODUCT = YES;
			};
			name = Release;
		};
		AF8A10CE23E1A73B00D132B8 /* Debug */ = {
			isa = XCBuildConfiguration;
			buildSettings = {
				ASSETCATALOG_COMPILER_APPICON_NAME = AppIcon;
				CODE_SIGN_STYLE = Automatic;
				CURRENT_PROJECT_VERSION = 32;
				DEVELOPMENT_ASSET_PATHS = "\"full/Preview Content\"";
				DEVELOPMENT_TEAM = LJCHAXCU2P;
				ENABLE_PREVIEWS = YES;
				INFOPLIST_FILE = full/Info.plist;
				LD_RUNPATH_SEARCH_PATHS = (
					"$(inherited)",
					"@executable_path/Frameworks",
				);
				MARKETING_VERSION = 1.0.2;
				PRODUCT_BUNDLE_IDENTIFIER = en.munchausen.fingertipsandcompany.full;
				PRODUCT_NAME = "Oh, that Munchausen";
				SWIFT_VERSION = 5.0;
				TARGETED_DEVICE_FAMILY = "1,2";
			};
			name = Debug;
		};
		AF8A10CF23E1A73B00D132B8 /* Release */ = {
			isa = XCBuildConfiguration;
			buildSettings = {
				ASSETCATALOG_COMPILER_APPICON_NAME = AppIcon;
				CODE_SIGN_STYLE = Automatic;
				CURRENT_PROJECT_VERSION = 32;
				DEVELOPMENT_ASSET_PATHS = "\"full/Preview Content\"";
				DEVELOPMENT_TEAM = LJCHAXCU2P;
				ENABLE_PREVIEWS = YES;
				INFOPLIST_FILE = full/Info.plist;
				LD_RUNPATH_SEARCH_PATHS = (
					"$(inherited)",
					"@executable_path/Frameworks",
				);
				MARKETING_VERSION = 1.0.2;
				PRODUCT_BUNDLE_IDENTIFIER = en.munchausen.fingertipsandcompany.full;
				PRODUCT_NAME = "Oh, that Munchausen";
				SWIFT_VERSION = 5.0;
				TARGETED_DEVICE_FAMILY = "1,2";
			};
			name = Release;
		};
/* End XCBuildConfiguration section */

/* Begin XCConfigurationList section */
		AF8A10B423E1A73000D132B8 /* Build configuration list for PBXProject "full" */ = {
			isa = XCConfigurationList;
			buildConfigurations = (
				AF8A10CB23E1A73B00D132B8 /* Debug */,
				AF8A10CC23E1A73B00D132B8 /* Release */,
			);
			defaultConfigurationIsVisible = 0;
			defaultConfigurationName = Release;
		};
		AF8A10CD23E1A73B00D132B8 /* Build configuration list for PBXNativeTarget "full" */ = {
			isa = XCConfigurationList;
			buildConfigurations = (
				AF8A10CE23E1A73B00D132B8 /* Debug */,
				AF8A10CF23E1A73B00D132B8 /* Release */,
			);
			defaultConfigurationIsVisible = 0;
			defaultConfigurationName = Release;
		};
/* End XCConfigurationList section */
	};
	rootObject = AF8A10B123E1A73000D132B8 /* Project object */;
}
